PODS:
  - AFDateHelper (4.3.0)
  - Alamofire (5.4.4)
  - ReachabilitySwift (5.0.0)
  - SDWebImage (4.4.8):
    - SDWebImage/Core (= 4.4.8)
  - SDWebImage/Core (4.4.8)
  - SwifterSwift (5.2.0):
    - SwifterSwift/AppKit (= 5.2.0)
    - SwifterSwift/CoreAnimation (= 5.2.0)
    - SwifterSwift/CoreGraphics (= 5.2.0)
    - SwifterSwift/CoreLocation (= 5.2.0)
    - SwifterSwift/Dispatch (= 5.2.0)
    - SwifterSwift/Foundation (= 5.2.0)
    - SwifterSwift/MapKit (= 5.2.0)
    - SwifterSwift/SceneKit (= 5.2.0)
    - SwifterSwift/SpriteKit (= 5.2.0)
    - SwifterSwift/StoreKit (= 5.2.0)
    - SwifterSwift/SwiftStdlib (= 5.2.0)
    - SwifterSwift/UIKit (= 5.2.0)
  - SwifterSwift/AppKit (5.2.0)
  - SwifterSwift/CoreAnimation (5.2.0)
  - SwifterSwift/CoreGraphics (5.2.0)
  - SwifterSwift/CoreLocation (5.2.0)
  - SwifterSwift/Dispatch (5.2.0)
  - SwifterSwift/Foundation (5.2.0)
  - SwifterSwift/MapKit (5.2.0)
  - SwifterSwift/SceneKit (5.2.0)
  - SwifterSwift/SpriteKit (5.2.0)
  - SwifterSwift/StoreKit (5.2.0)
  - SwifterSwift/SwiftStdlib (5.2.0)
  - SwifterSwift/UIKit (5.2.0)

DEPENDENCIES:
  - AFDateHelper
  - Alamofire
  - ReachabilitySwift
  - SDWebImage (~> 4.0)
  - SwifterSwift

SPEC REPOS:
  trunk:
    - AFDateHelper
    - Alamofire
    - ReachabilitySwift
    - SDWebImage
    - SwifterSwift

SPEC CHECKSUMS:
  AFDateHelper: b769c07d3d4784ee9a74633285304261bb27dc52
  Alamofire: f3b09a368f1582ab751b3fff5460276e0d2cf5c9
  ReachabilitySwift: 985039c6f7b23a1da463388634119492ff86c825
  SDWebImage: 783af2c3fa36291a250030c4752ee370a9a51d13
  SwifterSwift: 334181863c416882d97b7a60c05054d9e4d799e2

PODFILE CHECKSUM: c158738d81ad4509d359bee5e29147644ca792d0

COCOAPODS: 1.11.2
